
Microsoft Visual Studio Solution File, Format Version 12.00
# Visual Studio Version 17
VisualStudioVersion = 17.5.002.0
MinimumVisualStudioVersion = 10.0.40219.1
Project("{9A19103F-16F7-4668-BE54-9A1E7A4F7556}") = "lista-dicionario-csharp", "lista-dicionario-csharp.csproj", "{4E06A3AB-4FA7-4C95-8A8B-48A7C4647403}"
EndProject
Global
	GlobalSection(SolutionConfigurationPlatforms) = preSolution
		Debug|Any CPU = Debug|Any CPU
		Release|Any CPU = Release|Any CPU
	EndGlobalSection
	GlobalSection(ProjectConfigurationPlatforms) = postSolution
		{4E06A3AB-4FA7-4C95-8A8B-48A7C4647403}.Debug|Any CPU.ActiveCfg = Debug|Any CPU
		{4E06A3AB-4FA7-4C95-8A8B-48A7C4647403}.Debug|Any CPU.Build.0 = Debug|Any CPU
		{4E06A3AB-4FA7-4C95-8A8B-48A7C4647403}.Release|Any CPU.ActiveCfg = Release|Any CPU
		{4E06A3AB-4FA7-4C95-8A8B-48A7C4647403}.Release|Any CPU.Build.0 = Release|Any CPU
	EndGlobalSection
	GlobalSection(SolutionProperties) = preSolution
		HideSolutionNode = FALSE
	EndGlobalSection
	GlobalSection(ExtensibilityGlobals) = postSolution
		SolutionGuid = {10AA065E-A940-41CA-994A-C42D0D90D800}
	EndGlobalSection
EndGlobal
